# This file is autogenerated, do not edit; changes may be undone by the next 'dep ensure'.


[[projects]]
  branch = "master"
  name = "github.com/line/line-bot-sdk-go"
  packages = ["linebot"]
  revision = "b25432f2bcee69c27e303c1e18857316911c8c6c"

[[projects]]
  branch = "release-branch.go1.6"
  name = "golang.org/x/net"
  packages = ["context","context/ctxhttp"]
  revision = "62685c2d7ca23c807425dca88b11a3e2323dab41"

[solve-meta]
  analyzer-name = "dep"
  analyzer-version = 1
  inputs-digest = "13e0723288d412ca6c7470a350ef6ead725352419209f64d120ffc8135ac0c1b"
  solver-name = "gps-cdcl"
  solver-version = 1
